
Microsoft Visual Studio Solution File, Format Version 12.00
# Visual Studio Version 17
VisualStudioVersion = 17.14.36603.0 d17.14
MinimumVisualStudioVersion = 10.0.40219.1
Project("{FAE04EC0-301F-11D3-BF4B-00C04F79EFBC}") = "j-indies-net", "j-indies-net.csproj", "{6CF86D27-BB7B-44BC-9711-FD7B2B3D3FD6}"
EndProject
Global
	GlobalSection(SolutionConfigurationPlatforms) = preSolution
		Debug|Any CPU = Debug|Any CPU
		Release|Any CPU = Release|Any CPU
	EndGlobalSection
	GlobalSection(ProjectConfigurationPlatforms) = postSolution
		{6CF86D27-BB7B-44BC-9711-FD7B2B3D3FD6}.Debug|Any CPU.ActiveCfg = Debug|Any CPU
		{6CF86D27-BB7B-44BC-9711-FD7B2B3D3FD6}.Debug|Any CPU.Build.0 = Debug|Any CPU
		{6CF86D27-BB7B-44BC-9711-FD7B2B3D3FD6}.Release|Any CPU.ActiveCfg = Release|Any CPU
		{6CF86D27-BB7B-44BC-9711-FD7B2B3D3FD6}.Release|Any CPU.Build.0 = Release|Any CPU
	EndGlobalSection
	GlobalSection(SolutionProperties) = preSolution
		HideSolutionNode = FALSE
	EndGlobalSection
	GlobalSection(ExtensibilityGlobals) = postSolution
		SolutionGuid = {F0A00F79-0815-443A-B24F-5900C26CAFE4}
	EndGlobalSection
EndGlobal
